// !$*UTF8*$!
{
	archiveVersion = 1;
	classes = {
	};
	objectVersion = 46;
	objects = {

/* Begin PBXBuildFile section */
		94B39AD11B2BE90E0017E3CF /* AppDelegate.swift in Sources */ = {isa = PBXBuildFile; fileRef = 94B39AD01B2BE90E0017E3CF /* AppDelegate.swift */; };
		94B39AD31B2BE90E0017E3CF /* ViewController.swift in Sources */ = {isa = PBXBuildFile; fileRef = 94B39AD21B2BE90E0017E3CF /* ViewController.swift */; };
		94B39AD61B2BE90E0017E3CF /* Main.storyboard in Resources */ = {isa = PBXBuildFile; fileRef = 94B39AD41B2BE90E0017E3CF /* Main.storyboard */; };
		94B39AD81B2BE90E0017E3CF /* Images.xcassets in Resources */ = {isa = PBXBuildFile; fileRef = 94B39AD71B2BE90E0017E3CF /* Images.xcassets */; };
		94B39ADB1B2BE90E0017E3CF /* LaunchScreen.xib in Resources */ = {isa = PBXBuildFile; fileRef = 94B39AD91B2BE90E0017E3CF /* LaunchScreen.xib */; };
		94B39AE71B2BE90E0017E3CF /* CalculatorTests.swift in Sources */ = {isa = PBXBuildFile; fileRef = 94B39AE61B2BE90E0017E3CF /* CalculatorTests.swift */; };
/* End PBXBuildFile section */

/* Begin PBXContainerItemProxy section */
		94B39AE11B2BE90E0017E3CF /* PBXContainerItemProxy */ = {
			isa = PBXContainerItemProxy;
			containerPortal = 94B39AC31B2BE90D0017E3CF /* Project object */;
			proxyType = 1;
			remoteGlobalIDString = 94B39ACA1B2BE90D0017E3CF;
			remoteInfo = Calculator;
		};
/* End PBXContainerItemProxy section */

/* Begin PBXFileReference section */
		94B39ACB1B2BE90E0017E3CF /* Calculator.app */ = {isa = PBXFileReference; explicitFileType = wrapper.application; includeInIndex = 0; path = Calculator.app; sourceTree = BUILT_PRODUCTS_DIR; };
		94B39ACF1B2BE90E0017E3CF /* Info.plist */ = {isa = PBXFileReference; lastKnownFileType = text.plist.xml; path = Info.plist; sourceTree = "<group>"; };
		94B39AD01B2BE90E0017E3CF /* AppDelegate.swift */ = {isa = PBXFileReference; lastKnownFileType = sourcecode.swift; path = AppDelegate.swift; sourceTree = "<group>"; };
		94B39AD21B2BE90E0017E3CF /* ViewController.swift */ = {isa = PBXFileReference; lastKnownFileType = sourcecode.swift; path = ViewController.swift; sourceTree = "<group>"; };
		94B39AD51B2BE90E0017E3CF /* Base */ = {isa = PBXFileReference; lastKnownFileType = file.storyboard; name = Base; path = Base.lproj/Main.storyboard; sourceTree = "<group>"; };
		94B39AD71B2BE90E0017E3CF /* Images.xcassets */ = {isa = PBXFileReference; lastKnownFileType = folder.assetcatalog; path = Images.xcassets; sourceTree = "<group>"; };
		94B39ADA1B2BE90E0017E3CF /* Base */ = {isa = PBXFileReference; lastKnownFileType = file.xib; name = Base; path = Base.lproj/LaunchScreen.xib; sourceTree = "<group>"; };
		94B39AE01B2BE90E0017E3CF /* CalculatorTests.xctest */ = {isa = PBXFileReference; explicitFileType = wrapper.cfbundle; includeInIndex = 0; path = CalculatorTests.xctest; sourceTree = BUILT_PRODUCTS_DIR; };
		94B39AE51B2BE90E0017E3CF /* Info.plist */ = {isa = PBXFileReference; lastKnownFileType = text.plist.xml; path = Info.plist; sourceTree = "<group>"; };
		94B39AE61B2BE90E0017E3CF /* CalculatorTests.swift */ = {isa = PBXFileReference; lastKnownFileType = sourcecode.swift; path = CalculatorTests.swift; sourceTree = "<group>"; };
/* End PBXFileReference section */

/* Begin PBXFrameworksBuildPhase section */
		94B39AC81B2BE90D0017E3CF /* Frameworks */ = {
			isa = PBXFrameworksBuildPhase;
			buildActionMask = 2147483647;
			files = (
			);
			runOnlyForDeploymentPostprocessing = 0;
		};
		94B39ADD1B2BE90E0017E3CF /* Frameworks */ = {
			isa = PBXFrameworksBuildPhase;
			buildActionMask = 2147483647;
			files = (
			);
			runOnlyForDeploymentPostprocessing = 0;
		};
/* End PBXFrameworksBuildPhase section */

/* Begin PBXGroup section */
		94B39AC21B2BE90D0017E3CF = {
			isa = PBXGroup;
			children = (
				94B39ACD1B2BE90E0017E3CF /* Calculator */,
				94B39AE31B2BE90E0017E3CF /* CalculatorTests */,
				94B39ACC1B2BE90E0017E3CF /* Products */,
			);
			sourceTree = "<group>";
		};
		94B39ACC1B2BE90E0017E3CF /* Products */ = {
			isa = PBXGroup;
			children = (
				94B39ACB1B2BE90E0017E3CF /* Calculator.app */,
				94B39AE01B2BE90E0017E3CF /* CalculatorTests.xctest */,
			);
			name = Products;
			sourceTree = "<group>";
		};
		94B39ACD1B2BE90E0017E3CF /* Calculator */ = {
			isa = PBXGroup;
			children = (
				94B39AD21B2BE90E0017E3CF /* ViewController.swift */,
				94B39AD41B2BE90E0017E3CF /* Main.storyboard */,
				94B39ACE1B2BE90E0017E3CF /* Supporting Files */,
			);
			path = Calculator;
			sourceTree = "<group>";
		};
		94B39ACE1B2BE90E0017E3CF /* Supporting Files */ = {
			isa = PBXGroup;
			children = (
				94B39AD91B2BE90E0017E3CF /* LaunchScreen.xib */,
				94B39AD01B2BE90E0017E3CF /* AppDelegate.swift */,
				94B39AD71B2BE90E0017E3CF /* Images.xcassets */,
				94B39ACF1B2BE90E0017E3CF /* Info.plist */,
			);
			name = "Supporting Files";
			sourceTree = "<group>";
		};
		94B39AE31B2BE90E0017E3CF /* CalculatorTests */ = {
			isa = PBXGroup;
			children = (
				94B39AE61B2BE90E0017E3CF /* CalculatorTests.swift */,
				94B39AE41B2BE90E0017E3CF /* Supporting Files */,
			);
			path = CalculatorTests;
			sourceTree = "<group>";
		};
		94B39AE41B2BE90E0017E3CF /* Supporting Files */ = {
			isa = PBXGroup;
			children = (
				94B39AE51B2BE90E0017E3CF /* Info.plist */,
			);
			name = "Supporting Files";
			sourceTree = "<group>";
		};
/* End PBXGroup section */

/* Begin PBXNativeTarget section */
		94B39ACA1B2BE90D0017E3CF /* Calculator */ = {
			isa = PBXNativeTarget;
			buildConfigurationList = 94B39AEA1B2BE90E0017E3CF /* Build configuration list for PBXNativeTarget "Calculator" */;
			buildPhases = (
				94B39AC71B2BE90D0017E3CF /* Sources */,
				94B39AC81B2BE90D0017E3CF /* Frameworks */,
				94B39AC91B2BE90D0017E3CF /* Resources */,
			);
			buildRules = (
			);
			dependencies = (
			);
			name = Calculator;
			productName = Calculator;
			productReference = 94B39ACB1B2BE90E0017E3CF /* Calculator.app */;
			productType = "com.apple.product-type.application";
		};
		94B39ADF1B2BE90E0017E3CF /* CalculatorTests */ = {
			isa = PBXNativeTarget;
			buildConfigurationList = 94B39AED1B2BE90E0017E3CF /* Build configuration list for PBXNativeTarget "CalculatorTests" */;
			buildPhases = (
				94B39ADC1B2BE90E0017E3CF /* Sources */,
				94B39ADD1B2BE90E0017E3CF /* Frameworks */,
				94B39ADE1B2BE90E0017E3CF /* Resources */,
			);
			buildRules = (
			);
			dependencies = (
				94B39AE21B2BE90E0017E3CF /* PBXTargetDependency */,
			);
			name = CalculatorTests;
			productName = CalculatorTests;
			productReference = 94B39AE01B2BE90E0017E3CF /* CalculatorTests.xctest */;
			productType = "com.apple.product-type.bundle.unit-test";
		};
/* End PBXNativeTarget section */

/* Begin PBXProject section */
		94B39AC31B2BE90D0017E3CF /* Project object */ = {
			isa = PBXProject;
			attributes = {
				LastUpgradeCheck = 0630;
				ORGANIZATIONNAME = "Tony Chamberlain";
				TargetAttributes = {
					94B39ACA1B2BE90D0017E3CF = {
						CreatedOnToolsVersion = 6.3.2;
					};
					94B39ADF1B2BE90E0017E3CF = {
						CreatedOnToolsVersion = 6.3.2;
						TestTargetID = 94B39ACA1B2BE90D0017E3CF;
					};
				};
			};
			buildConfigurationList = 94B39AC61B2BE90D0017E3CF /* Build configuration list for PBXProject "Calculator" */;
			compatibilityVersion = "Xcode 3.2";
			developmentRegion = English;
			hasScannedForEncodings = 0;
			knownRegions = (
				en,
				Base,
			);
			mainGroup = 94B39AC21B2BE90D0017E3CF;
			productRefGroup = 94B39ACC1B2BE90E0017E3CF /* Products */;
			projectDirPath = "";
			projectRoot = "";
			targets = (
				94B39ACA1B2BE90D0017E3CF /* Calculator */,
				94B39ADF1B2BE90E0017E3CF /* CalculatorTests */,
			);
		};
/* End PBXProject section */

/* Begin PBXResourcesBuildPhase section */
		94B39AC91B2BE90D0017E3CF /* Resources */ = {
			isa = PBXResourcesBuildPhase;
			buildActionMask = 2147483647;
			files = (
				94B39AD61B2BE90E0017E3CF /* Main.storyboard in Resources */,
				94B39ADB1B2BE90E0017E3CF /* LaunchScreen.xib in Resources */,
				94B39AD81B2BE90E0017E3CF /* Images.xcassets in Resources */,
			);
			runOnlyForDeploymentPostprocessing = 0;
		};
		94B39ADE1B2BE90E0017E3CF /* Resources */ = {
			isa = PBXResourcesBuildPhase;
			buildActionMask = 2147483647;
			files = (
			);
			runOnlyForDeploymentPostprocessing = 0;
		};
/* End PBXResourcesBuildPhase section */

/* Begin PBXSourcesBuildPhase section */
		94B39AC71B2BE90D0017E3CF /* Sources */ = {
			isa = PBXSourcesBuildPhase;
			buildActionMask = 2147483647;
			files = (
				94B39AD31B2BE90E0017E3CF /* ViewController.swift in Sources */,
				94B39AD11B2BE90E0017E3CF /* AppDelegate.swift in Sources */,
			);
			runOnlyForDeploymentPostprocessing = 0;
		};
		94B39ADC1B2BE90E0017E3CF /* Sources */ = {
			isa = PBXSourcesBuildPhase;
			buildActionMask = 2147483647;
			files = (
				94B39AE71B2BE90E0017E3CF /* CalculatorTests.swift in Sources */,
			);
			runOnlyForDeploymentPostprocessing = 0;
		};
/* End PBXSourcesBuildPhase section */

/* Begin PBXTargetDependency section */
		94B39AE21B2BE90E0017E3CF /* PBXTargetDependency */ = {
			isa = PBXTargetDependency;
			target = 94B39ACA1B2BE90D0017E3CF /* Calculator */;
			targetProxy = 94B39AE11B2BE90E0017E3CF /* PBXContainerItemProxy */;
		};
/* End PBXTargetDependency section */

/* Begin PBXVariantGroup section */
		94B39AD41B2BE90E0017E3CF /* Main.storyboard */ = {
			isa = PBXVariantGroup;
			children = (
				94B39AD51B2BE90E0017E3CF /* Base */,
			);
			name = Main.storyboard;
			sourceTree = "<group>";
		};
		94B39AD91B2BE90E0017E3CF /* LaunchScreen.xib */ = {
			isa = PBXVariantGroup;
			children = (
				94B39ADA1B2BE90E0017E3CF /* Base */,
			);
			name = LaunchScreen.xib;
			sourceTree = "<group>";
		};
/* End PBXVariantGroup section */

/* Begin XCBuildConfiguration section */
		94B39AE81B2BE90E0017E3CF /* Debug */ = {
			isa = XCBuildConfiguration;
			buildSettings = {
				ALWAYS_SEARCH_USER_PATHS = NO;
				CLANG_CXX_LANGUAGE_STANDARD = "gnu++0x";
				CLANG_CXX_LIBRARY = "libc++";
				CLANG_ENABLE_MODULES = YES;
				CLANG_ENABLE_OBJC_ARC = YES;
				CLANG_WARN_BOOL_CONVERSION = YES;
				CLANG_WARN_CONSTANT_CONVERSION = YES;
				CLANG_WARN_DIRECT_OBJC_ISA_USAGE = YES_ERROR;
				CLANG_WARN_EMPTY_BODY = YES;
				CLANG_WARN_ENUM_CONVERSION = YES;
				CLANG_WARN_INT_CONVERSION = YES;
				CLANG_WARN_OBJC_ROOT_CLASS = YES_ERROR;
				CLANG_WARN_UNREACHABLE_CODE = YES;
				CLANG_WARN__DUPLICATE_METHOD_MATCH = YES;
				"CODE_SIGN_IDENTITY[sdk=iphoneos*]" = "iPhone Developer";
				COPY_PHASE_STRIP = NO;
				DEBUG_INFORMATION_FORMAT = "dwarf-with-dsym";
				ENABLE_STRICT_OBJC_MSGSEND = YES;
				GCC_C_LANGUAGE_STANDARD = gnu99;
				GCC_DYNAMIC_NO_PIC = NO;
				GCC_NO_COMMON_BLOCKS = YES;
				GCC_OPTIMIZATION_LEVEL = 0;
				GCC_PREPROCESSOR_DEFINITIONS = (
					"DEBUG=1",
					"$(inherited)",
				);
				GCC_SYMBOLS_PRIVATE_EXTERN = NO;
				GCC_WARN_64_TO_32_BIT_CONVERSION = YES;
				GCC_WARN_ABOUT_RETURN_TYPE = YES_ERROR;
				GCC_WARN_UNDECLARED_SELECTOR = YES;
				GCC_WARN_UNINITIALIZED_AUTOS = YES_AGGRESSIVE;
				GCC_WARN_UNUSED_FUNCTION = YES;
				GCC_WARN_UNUSED_VARIABLE = YES;
				IPHONEOS_DEPLOYMENT_TARGET = 8.3;
				MTL_ENABLE_DEBUG_INFO = YES;
				ONLY_ACTIVE_ARCH = YES;
				SDKROOT = iphoneos;
				SWIFT_OPTIMIZATION_LEVEL = "-Onone";
				TARGETED_DEVICE_FAMILY = "1,2";
			};
			name = Debug;
		};
		94B39AE91B2BE90E0017E3CF /* Release */ = {
			isa = XCBuildConfiguration;
			buildSettings = {
				ALWAYS_SEARCH_USER_PATHS = NO;
				CLANG_CXX_LANGUAGE_STANDARD = "gnu++0x";
				CLANG_CXX_LIBRARY = "libc++";
				CLANG_ENABLE_MODULES = YES;
				CLANG_ENABLE_OBJC_ARC = YES;
				CLANG_WARN_BOOL_CONVERSION = YES;
				CLANG_WARN_CONSTANT_CONVERSION = YES;
				CLANG_WARN_DIRECT_OBJC_ISA_USAGE = YES_ERROR;
				CLANG_WARN_EMPTY_BODY = YES;
				CLANG_WARN_ENUM_CONVERSION = YES;
				CLANG_WARN_INT_CONVERSION = YES;
				CLANG_WARN_OBJC_ROOT_CLASS = YES_ERROR;
				CLANG_WARN_UNREACHABLE_CODE = YES;
				CLANG_WARN__DUPLICATE_METHOD_MATCH = YES;
				"CODE_SIGN_IDENTITY[sdk=iphoneos*]" = "iPhone Developer";
				COPY_PHASE_STRIP = NO;
				DEBUG_INFORMATION_FORMAT = "dwarf-with-dsym";
				ENABLE_NS_ASSERTIONS = NO;
				ENABLE_STRICT_OBJC_MSGSEND = YES;
				GCC_C_LANGUAGE_STANDARD = gnu99;
				GCC_NO_COMMON_BLOCKS = YES;
				GCC_WARN_64_TO_32_BIT_CONVERSION = YES;
				GCC_WARN_ABOUT_RETURN_TYPE = YES_ERROR;
				GCC_WARN_UNDECLARED_SELECTOR = YES;
				GCC_WARN_UNINITIALIZED_AUTOS = YES_AGGRESSIVE;
				GCC_WARN_UNUSED_FUNCTION = YES;
				GCC_WARN_UNUSED_VARIABLE = YES;
				IPHONEOS_DEPLOYMENT_TARGET = 8.3;
				MTL_ENABLE_DEBUG_INFO = NO;
				SDKROOT = iphoneos;
				TARGETED_DEVICE_FAMILY = "1,2";
				VALIDATE_PRODUCT = YES;
			};
			name = Release;
		};
		94B39AEB1B2BE90E0017E3CF /* Debug */ = {
			isa = XCBuildConfiguration;
			buildSettings = {
				ASSETCATALOG_COMPILER_APPICON_NAME = AppIcon;
				INFOPLIST_FILE = Calculator/Info.plist;
				LD_RUNPATH_SEARCH_PATHS = "$(inherited) @executable_path/Frameworks";
				PRODUCT_NAME = "$(TARGET_NAME)";
			};
			name = Debug;
		};
		94B39AEC1B2BE90E0017E3CF /* Release */ = {
			isa = XCBuildConfiguration;
			buildSettings = {
				ASSETCATALOG_COMPILER_APPICON_NAME = AppIcon;
				INFOPLIST_FILE = Calculator/Info.plist;
				LD_RUNPATH_SEARCH_PATHS = "$(inherited) @executable_path/Frameworks";
				PRODUCT_NAME = "$(TARGET_NAME)";
			};
			name = Release;
		};
		94B39AEE1B2BE90E0017E3CF /* Debug */ = {
			isa = XCBuildConfiguration;
			buildSettings = {
				BUNDLE_LOADER = "$(TEST_HOST)";
				FRAMEWORK_SEARCH_PATHS = (
					"$(SDKROOT)/Developer/Library/Frameworks",
					"$(inherited)",
				);
				GCC_PREPROCESSOR_DEFINITIONS = (
					"DEBUG=1",
					"$(inherited)",
				);
				INFOPLIST_FILE = CalculatorTests/Info.plist;
				LD_RUNPATH_SEARCH_PATHS = "$(inherited) @executable_path/Frameworks @loader_path/Frameworks";
				PRODUCT_NAME = "$(TARGET_NAME)";
				TEST_HOST = "$(BUILT_PRODUCTS_DIR)/Calculator.app/Calculator";
			};
			name = Debug;
		};
		94B39AEF1B2BE90E0017E3CF /* Release */ = {
			isa = XCBuildConfiguration;
			buildSettings = {
				BUNDLE_LOADER = "$(TEST_HOST)";
				FRAMEWORK_SEARCH_PATHS = (
					"$(SDKROOT)/Developer/Library/Frameworks",
					"$(inherited)",
				);
				INFOPLIST_FILE = CalculatorTests/Info.plist;
				LD_RUNPATH_SEARCH_PATHS = "$(inherited) @executable_path/Frameworks @loader_path/Frameworks";
				PRODUCT_NAME = "$(TARGET_NAME)";
				TEST_HOST = "$(BUILT_PRODUCTS_DIR)/Calculator.app/Calculator";
			};
			name = Release;
		};
/* End XCBuildConfiguration section */

/* Begin XCConfigurationList section */
		94B39AC61B2BE90D0017E3CF /* Build configuration list for PBXProject "Calculator" */ = {
			isa = XCConfigurationList;
			buildConfigurations = (
				94B39AE81B2BE90E0017E3CF /* Debug */,
				94B39AE91B2BE90E0017E3CF /* Release */,
			);
			defaultConfigurationIsVisible = 0;
			defaultConfigurationName = Release;
		};
		94B39AEA1B2BE90E0017E3CF /* Build configuration list for PBXNativeTarget "Calculator" */ = {
			isa = XCConfigurationList;
			buildConfigurations = (
				94B39AEB1B2BE90E0017E3CF /* Debug */,
				94B39AEC1B2BE90E0017E3CF /* Release */,
			);
			defaultConfigurationIsVisible = 0;
		};
		94B39AED1B2BE90E0017E3CF /* Build configuration list for PBXNativeTarget "CalculatorTests" */ = {
			isa = XCConfigurationList;
			buildConfigurations = (
				94B39AEE1B2BE90E0017E3CF /* Debug */,
				94B39AEF1B2BE90E0017E3CF /* Release */,
			);
			defaultConfigurationIsVisible = 0;
		};
/* End XCConfigurationList section */
	};
	rootObject = 94B39AC31B2BE90D0017E3CF /* Project object */;
}
